
Microsoft Visual Studio Solution File, Format Version 12.00
# Visual Studio Version 17
VisualStudioVersion = 17.0.31919.166
MinimumVisualStudioVersion = 10.0.40219.1
Project("{FAE04EC0-301F-11D3-BF4B-00C04F79EFBC}") = "ATV01", "ATV01.csproj", "{D5D84CE3-8202-4F94-B95A-1CAD1895F6AC}"
EndProject
Global
	GlobalSection(SolutionConfigurationPlatforms) = preSolution
		Debug|Any CPU = Debug|Any CPU
		Release|Any CPU = Release|Any CPU
	EndGlobalSection
	GlobalSection(ProjectConfigurationPlatforms) = postSolution
		{D5D84CE3-8202-4F94-B95A-1CAD1895F6AC}.Debug|Any CPU.ActiveCfg = Debug|Any CPU
		{D5D84CE3-8202-4F94-B95A-1CAD1895F6AC}.Debug|Any CPU.Build.0 = Debug|Any CPU
		{D5D84CE3-8202-4F94-B95A-1CAD1895F6AC}.Release|Any CPU.ActiveCfg = Release|Any CPU
		{D5D84CE3-8202-4F94-B95A-1CAD1895F6AC}.Release|Any CPU.Build.0 = Release|Any CPU
	EndGlobalSection
	GlobalSection(SolutionProperties) = preSolution
		HideSolutionNode = FALSE
	EndGlobalSection
	GlobalSection(ExtensibilityGlobals) = postSolution
		SolutionGuid = {7B2D2940-546D-4678-BA2F-45EEED17F52F}
	EndGlobalSection
EndGlobal
